
Microsoft Visual Studio Solution File, Format Version 12.00
# Visual Studio Version 17
VisualStudioVersion = 17.8.34316.72
MinimumVisualStudioVersion = 10.0.40219.1
Project("{FAE04EC0-301F-11D3-BF4B-00C04F79EFBC}") = "Katharsis.Bot.WPF", "Katharsis.Bot.WPF\Katharsis.Bot.WPF.csproj", "{8796F2A8-668F-4E5E-B102-7361FBBD8018}"
EndProject
Project("{FAE04EC0-301F-11D3-BF4B-00C04F79EFBC}") = "Katharsis.Bot.Core", "Katharsis.Bot.Core\Katharsis.Bot.Core.csproj", "{46C5FF0E-1C6F-4A73-8936-B90AED916542}"
EndProject
Project("{2150E333-8FDC-42A3-9474-1A3956D46DE8}") = "Bots", "Bots", "{10207362-7C4E-4A3A-8FBE-7A80F8A0A51A}"
EndProject
Project("{FAE04EC0-301F-11D3-BF4B-00C04F79EFBC}") = "Katharsis.Bots.Voice", "Katharsis.Bots.Voice\Katharsis.Bots.Voice.csproj", "{11C17280-CC35-47E3-B490-137407EF53C3}"
EndProject
Global
	GlobalSection(SolutionConfigurationPlatforms) = preSolution
		Debug|Any CPU = Debug|Any CPU
		Release|Any CPU = Release|Any CPU
	EndGlobalSection
	GlobalSection(ProjectConfigurationPlatforms) = postSolution
		{8796F2A8-668F-4E5E-B102-7361FBBD8018}.Debug|Any CPU.ActiveCfg = Debug|Any CPU
		{8796F2A8-668F-4E5E-B102-7361FBBD8018}.Debug|Any CPU.Build.0 = Debug|Any CPU
		{8796F2A8-668F-4E5E-B102-7361FBBD8018}.Release|Any CPU.ActiveCfg = Release|Any CPU
		{8796F2A8-668F-4E5E-B102-7361FBBD8018}.Release|Any CPU.Build.0 = Release|Any CPU
		{46C5FF0E-1C6F-4A73-8936-B90AED916542}.Debug|Any CPU.ActiveCfg = Debug|Any CPU
		{46C5FF0E-1C6F-4A73-8936-B90AED916542}.Debug|Any CPU.Build.0 = Debug|Any CPU
		{46C5FF0E-1C6F-4A73-8936-B90AED916542}.Release|Any CPU.ActiveCfg = Release|Any CPU
		{46C5FF0E-1C6F-4A73-8936-B90AED916542}.Release|Any CPU.Build.0 = Release|Any CPU
		{11C17280-CC35-47E3-B490-137407EF53C3}.Debug|Any CPU.ActiveCfg = Debug|Any CPU
		{11C17280-CC35-47E3-B490-137407EF53C3}.Debug|Any CPU.Build.0 = Debug|Any CPU
		{11C17280-CC35-47E3-B490-137407EF53C3}.Release|Any CPU.ActiveCfg = Release|Any CPU
		{11C17280-CC35-47E3-B490-137407EF53C3}.Release|Any CPU.Build.0 = Release|Any CPU
	EndGlobalSection
	GlobalSection(SolutionProperties) = preSolution
		HideSolutionNode = FALSE
	EndGlobalSection
	GlobalSection(NestedProjects) = preSolution
		{11C17280-CC35-47E3-B490-137407EF53C3} = {10207362-7C4E-4A3A-8FBE-7A80F8A0A51A}
	EndGlobalSection
	GlobalSection(ExtensibilityGlobals) = postSolution
		SolutionGuid = {12085EBD-B7C1-49AA-8576-79C1EDC0D83F}
	EndGlobalSection
EndGlobal
